
Microsoft Visual Studio Solution File, Format Version 12.00
# Visual Studio Version 17
VisualStudioVersion = 17.4.33205.214
MinimumVisualStudioVersion = 10.0.40219.1
Project("{FAE04EC0-301F-11D3-BF4B-00C04F79EFBC}") = "abonament", "abonament\abonament.csproj", "{50651F29-41F1-483B-9E0D-168AF4F4B0C6}"
EndProject
Global
	GlobalSection(SolutionConfigurationPlatforms) = preSolution
		Debug|Any CPU = Debug|Any CPU
		Release|Any CPU = Release|Any CPU
	EndGlobalSection
	GlobalSection(ProjectConfigurationPlatforms) = postSolution
		{50651F29-41F1-483B-9E0D-168AF4F4B0C6}.Debug|Any CPU.ActiveCfg = Debug|Any CPU
		{50651F29-41F1-483B-9E0D-168AF4F4B0C6}.Debug|Any CPU.Build.0 = Debug|Any CPU
		{50651F29-41F1-483B-9E0D-168AF4F4B0C6}.Release|Any CPU.ActiveCfg = Release|Any CPU
		{50651F29-41F1-483B-9E0D-168AF4F4B0C6}.Release|Any CPU.Build.0 = Release|Any CPU
	EndGlobalSection
	GlobalSection(SolutionProperties) = preSolution
		HideSolutionNode = FALSE
	EndGlobalSection
	GlobalSection(ExtensibilityGlobals) = postSolution
		SolutionGuid = {1EEEB016-1781-4CE5-9AAE-DBDE13B406E2}
	EndGlobalSection
EndGlobal
